{
  "version": 4,
  "terraform_version": "1.11.4",
  "serial": 11,
  "lineage": "76478635-51b1-7807-fd91-0e875ee130bc",
  "outputs": {
    "cluster_name": {
      "value": "sd-cluster",
      "type": "string"
    },
    "project_id": {
      "value": "automatic-rock-458016-q2",
      "type": "string"
    },
    "region": {
      "value": "southamerica-east1-b",
      "type": "string"
    }
  },
  "resources": [
    {
      "mode": "managed",
      "type": "google_container_cluster",
      "name": "primary",
      "provider": "provider[\"registry.terraform.io/hashicorp/google\"]",
      "instances": [
        {
          "schema_version": 2,
          "attributes": {
            "addons_config": [
              {
                "cloudrun_config": [],
                "config_connector_config": [],
                "dns_cache_config": [],
                "gce_persistent_disk_csi_driver_config": [
                  {
                    "enabled": true
                  }
                ],
                "gcp_filestore_csi_driver_config": [],
                "gcs_fuse_csi_driver_config": [],
                "gke_backup_agent_config": [],
                "horizontal_pod_autoscaling": [],
                "http_load_balancing": [],
                "network_policy_config": [
                  {
                    "disabled": true
                  }
                ],
                "parallelstore_csi_driver_config": [],
                "ray_operator_config": [],
                "stateful_ha_config": []
              }
            ],
            "allow_net_admin": null,
            "authenticator_groups_config": [],
            "binary_authorization": [
              {
                "enabled": false,
                "evaluation_mode": ""
              }
            ],
            "cluster_autoscaling": [
              {
                "auto_provisioning_defaults": [],
                "auto_provisioning_locations": [],
                "autoscaling_profile": "BALANCED",
                "enabled": false,
                "resource_limits": []
              }
            ],
            "cluster_ipv4_cidr": "10.8.0.0/14",
            "confidential_nodes": [],
            "control_plane_endpoints_config": [
              {
                "dns_endpoint_config": [
                  {
                    "allow_external_traffic": false,
                    "endpoint": "gke-6d16e12e4f5f4f929f4979c18b2b9c4bff18-595941835286.southamerica-east1-b.gke.goog"
                  }
                ],
                "ip_endpoints_config": [
                  {
                    "enabled": true
                  }
                ]
              }
            ],
            "cost_management_config": [],
            "database_encryption": [
              {
                "key_name": "",
                "state": "DECRYPTED"
              }
            ],
            "datapath_provider": "",
            "default_max_pods_per_node": 110,
            "default_snat_status": [
              {
                "disabled": false
              }
            ],
            "deletion_protection": true,
            "description": "",
            "disable_l4_lb_firewall_reconciliation": false,
            "dns_config": [],
            "effective_labels": {
              "goog-terraform-provisioned": "true"
            },
            "enable_autopilot": false,
            "enable_cilium_clusterwide_network_policy": false,
            "enable_fqdn_network_policy": false,
            "enable_intranode_visibility": false,
            "enable_k8s_beta_apis": [],
            "enable_kubernetes_alpha": false,
            "enable_l4_ilb_subsetting": false,
            "enable_legacy_abac": false,
            "enable_multi_networking": false,
            "enable_shielded_nodes": true,
            "enable_tpu": false,
            "endpoint": "34.95.214.55",
            "enterprise_config": [
              {
                "cluster_tier": "STANDARD",
                "desired_tier": ""
              }
            ],
            "fleet": [],
            "gateway_api_config": [],
            "id": "projects/automatic-rock-458016-q2/locations/southamerica-east1-b/clusters/sd-cluster",
            "identity_service_config": [],
            "initial_node_count": 1,
            "ip_allocation_policy": [
              {
                "additional_pod_ranges_config": [],
                "cluster_ipv4_cidr_block": "10.8.0.0/14",
                "cluster_secondary_range_name": "gke-sd-cluster-pods-6d16e12e",
                "pod_cidr_overprovision_config": [
                  {
                    "disabled": false
                  }
                ],
                "services_ipv4_cidr_block": "34.118.224.0/20",
                "services_secondary_range_name": "",
                "stack_type": "IPV4"
              }
            ],
            "label_fingerprint": "78cdf2f6",
            "location": "southamerica-east1-b",
            "logging_config": [
              {
                "enable_components": [
                  "SYSTEM_COMPONENTS",
                  "WORKLOADS"
                ]
              }
            ],
            "logging_service": "logging.googleapis.com/kubernetes",
            "maintenance_policy": [],
            "master_auth": [
              {
                "client_certificate": "",
                "client_certificate_config": [
                  {
                    "issue_client_certificate": false
                  }
                ],
                "client_key": "",
                "cluster_ca_certificate": "LS0tLS1CRUdJTiBDRVJUSUZJQ0FURS0tLS0tCk1JSUVMVENDQXBXZ0F3SUJBZ0lSQU1SYzVkY05DL2JhQWFIMnUwQ3FMdlF3RFFZSktvWklodmNOQVFFTEJRQXcKTHpFdE1Dc0dBMVVFQXhNa05XSTJZelpsTW1VdFpqTTNNaTAwTXpNNUxXSmtPVGd0T0RVNFl6WTBNakV6TkRjMgpNQ0FYRFRJMU1EVXdOakl6TXpNek1sb1lEekl3TlRVd05ETXdNREF6TXpNeVdqQXZNUzB3S3dZRFZRUURFeVExCllqWmpObVV5WlMxbU16Y3lMVFF6TXprdFltUTVPQzA0TlRoak5qUXlNVE0wTnpZd2dnR2lNQTBHQ1NxR1NJYjMKRFFFQkFRVUFBNElCandBd2dnR0tBb0lCZ1FDYlM1N04rd1ZxbzhaTnF4RUViRHhNTE9qYThSUmxOY2lrYXh5Zwp4Q1BEN3FtRlVjM2tVSExLV3g2NWNzQjJNSmJsSjlIVEczdFhaVXZRWW5QUmMwaXpOWTRyTUxrRGE5S3RxR1Z1Ck8wTWtXdHJVSVpLZ1NySFU0aEsyNkJvWG4vZHB5eXU2eml2emRMNm1FNVJlN21tU0VMTlhQK3VGQmhhNmFsaUUKL010NjVwaTMwVWRzWGxsT3dMRU12b3NQYXlZRGw2Q1JjeUlhOHBLR21nVmxMd3FDT2oyVHJWdlZJWU5McG10dQp6K3BZZzdzUkdnSHRKaUR0NWpTajRZUnhrM3ZUMloreWE0eTNTTjJyM2JpbVB6b1V3Q3hrK0d4RVJHK1FuY3F5CjB5L2dERDUxWmU3cEdkS1gyR1dRRkVRMlVpT2lWcGZDdC9pa1plRXJGbW1NWUYzSWNVRWF2U0JHV1R2NHF1cVkKa0FGaFdpS1FXdUppNThjdFdpK0lLRExkdXd0ZTRuL0NiOHp1MlhDU3YyZksrQVp1UXRZNFdscXF2ZWhQbG5lKwpDNm9NcEEzVjEyUFo5TjJCTVl2b3A5alExaG11UTc5eXhBQXVpZG9TamQ4TFVleFF6S3AzYUw3OG8vbU1ydElCCkduQ3BTRzhnNjdZSVVITXB4NStPeFd2WE15c0NBd0VBQWFOQ01FQXdEZ1lEVlIwUEFRSC9CQVFEQWdJRU1BOEcKQTFVZEV3RUIvd1FGTUFNQkFmOHdIUVlEVlIwT0JCWUVGRVVGS1FsWVpHdlVlV2VEN3BWT1JiN1hCdG9XTUEwRwpDU3FHU0liM0RRRUJDd1VBQTRJQmdRQ1JEQld2NmtqNnVNblZqbkVGM2xpV1hGbVlPSWJtNVZFQjBFZzQ3UUt1CmxpZ1Q4bU9rWWMzY1FqRWpCaDlFTC81S25OTEFMY0NMMGpLS1NkVWxIbmJQMElSWlluYTlXQnpER29EU0RxVDkKbW5CNWlZUytLS3VTOERHdEgyZWhwcmZVbmREZWIvN2JJbFZDVkJXdiswb2dPNnVubDd6ME1tczZrSHh3MkM2ZQp2eFFWenJJbXBiMmJrSnduNlZqRHE2dXVMdDRLeDQxOXozdVFlc1FmOE00RmNiQVBsNDFzT0xKRkNTQnBmUHBoCmV2Mk5MYUNVYmFzVDNFNVBaZXdJTmxsK3psUXBxSUJWMlNuQ0h3dzdRVUdPNU16Qk8rT1BzeHVXMnBhS3dwUE4KNzN2d3V2eTZFbk91aUNCRnkvNU40NFpzUENiYXdIRzBXU2Z4cmlLSXhGOVRzYWlLZXBnT1RRVFNYdERFenRVdApGQVlPMlVyaUZiMVpQblFzdzAwaUl3elZONGczVjV2NCtKQkFDdWVzanZIcGxGbzJBRkltT2xneGdJU3RtMThZClc5L2ZRL3JYU3d2eVlLOGpOd0lvbXN2K0VnV3hBODRuZGZxWkNZcG9BZnhCc3lyd0w0VmlVb200dSs2ZEZiNlAKSnBnTWprbkQyTVlTck4zSnZwb0FDNEk9Ci0tLS0tRU5EIENFUlRJRklDQVRFLS0tLS0K"
              }
            ],
            "master_authorized_networks_config": [],
            "master_version": "1.32.2-gke.1182003",
            "mesh_certificates": [],
            "min_master_version": null,
            "monitoring_config": [
              {
                "advanced_datapath_observability_config": [
                  {
                    "enable_metrics": false,
                    "enable_relay": false
                  }
                ],
                "enable_components": [
                  "SYSTEM_COMPONENTS",
                  "HPA",
                  "POD",
                  "DAEMONSET",
                  "DEPLOYMENT",
                  "STATEFULSET",
                  "JOBSET",
                  "STORAGE",
                  "CADVISOR",
                  "KUBELET",
                  "DCGM"
                ],
                "managed_prometheus": [
                  {
                    "auto_monitoring_config": [],
                    "enabled": true
                  }
                ]
              }
            ],
            "monitoring_service": "monitoring.googleapis.com/kubernetes",
            "name": "sd-cluster",
            "network": "projects/automatic-rock-458016-q2/global/networks/default",
            "network_policy": [
              {
                "enabled": false,
                "provider": "PROVIDER_UNSPECIFIED"
              }
            ],
            "networking_mode": "VPC_NATIVE",
            "node_config": [],
            "node_locations": [],
            "node_pool": [],
            "node_pool_auto_config": [
              {
                "linux_node_config": [],
                "network_tags": [],
                "node_kubelet_config": [
                  {
                    "insecure_kubelet_readonly_port_enabled": "FALSE"
                  }
                ],
                "resource_manager_tags": {}
              }
            ],
            "node_pool_defaults": [
              {
                "node_config_defaults": [
                  {
                    "containerd_config": [],
                    "gcfs_config": [],
                    "insecure_kubelet_readonly_port_enabled": "FALSE",
                    "logging_variant": "DEFAULT"
                  }
                ]
              }
            ],
            "node_version": "1.32.2-gke.1182003",
            "notification_config": [
              {
                "pubsub": [
                  {
                    "enabled": false,
                    "filter": [],
                    "topic": ""
                  }
                ]
              }
            ],
            "operation": null,
            "private_cluster_config": [
              {
                "enable_private_endpoint": false,
                "enable_private_nodes": false,
                "master_global_access_config": [
                  {
                    "enabled": false
                  }
                ],
                "master_ipv4_cidr_block": "",
                "peering_name": "",
                "private_endpoint": "10.158.0.5",
                "private_endpoint_subnetwork": "",
                "public_endpoint": "34.95.214.55"
              }
            ],
            "private_ipv6_google_access": "",
            "project": "automatic-rock-458016-q2",
            "release_channel": [
              {
                "channel": "REGULAR"
              }
            ],
            "remove_default_node_pool": true,
            "resource_labels": null,
            "resource_usage_export_config": [],
            "secret_manager_config": [
              {
                "enabled": false
              }
            ],
            "security_posture_config": [
              {
                "mode": "BASIC",
                "vulnerability_mode": "VULNERABILITY_MODE_UNSPECIFIED"
              }
            ],
            "self_link": "https://container.googleapis.com/v1/projects/automatic-rock-458016-q2/zones/southamerica-east1-b/clusters/sd-cluster",
            "service_external_ips_config": [
              {
                "enabled": false
              }
            ],
            "services_ipv4_cidr": "34.118.224.0/20",
            "subnetwork": "projects/automatic-rock-458016-q2/regions/southamerica-east1/subnetworks/default",
            "terraform_labels": {
              "goog-terraform-provisioned": "true"
            },
            "timeouts": null,
            "tpu_ipv4_cidr_block": "",
            "user_managed_keys_config": [],
            "vertical_pod_autoscaling": [],
            "workload_identity_config": []
          },
          "sensitive_attributes": [
            [
              {
                "type": "get_attr",
                "value": "master_auth"
              },
              {
                "type": "index",
                "value": {
                  "value": 0,
                  "type": "number"
                }
              },
              {
                "type": "get_attr",
                "value": "client_key"
              }
            ]
          ],
          "private": "eyJlMmJmYjczMC1lY2FhLTExZTYtOGY4OC0zNDM2M2JjN2M0YzAiOnsiY3JlYXRlIjoyNDAwMDAwMDAwMDAwLCJkZWxldGUiOjI0MDAwMDAwMDAwMDAsInJlYWQiOjI0MDAwMDAwMDAwMDAsInVwZGF0ZSI6MzYwMDAwMDAwMDAwMH0sInNjaGVtYV92ZXJzaW9uIjoiMiJ9"
        }
      ]
    },
    {
      "mode": "managed",
      "type": "google_container_node_pool",
      "name": "primary_nodes",
      "provider": "provider[\"registry.terraform.io/hashicorp/google\"]",
      "instances": [
        {
          "schema_version": 1,
          "attributes": {
            "autoscaling": [],
            "cluster": "sd-cluster",
            "id": "projects/automatic-rock-458016-q2/locations/southamerica-east1-b/clusters/sd-cluster/nodePools/primary-node-pool",
            "initial_node_count": 1,
            "instance_group_urls": [
              "https://www.googleapis.com/compute/v1/projects/automatic-rock-458016-q2/zones/southamerica-east1-b/instanceGroupManagers/gke-sd-cluster-primary-node-pool-d33c0765-grp"
            ],
            "location": "southamerica-east1-b",
            "managed_instance_group_urls": [
              "https://www.googleapis.com/compute/v1/projects/automatic-rock-458016-q2/zones/southamerica-east1-b/instanceGroups/gke-sd-cluster-primary-node-pool-d33c0765-grp"
            ],
            "management": [
              {
                "auto_repair": true,
                "auto_upgrade": true
              }
            ],
            "max_pods_per_node": 110,
            "name": "primary-node-pool",
            "name_prefix": "",
            "network_config": [
              {
                "additional_node_network_configs": [],
                "additional_pod_network_configs": [],
                "create_pod_range": false,
                "enable_private_nodes": false,
                "network_performance_config": [],
                "pod_cidr_overprovision_config": [],
                "pod_ipv4_cidr_block": "10.8.0.0/14",
                "pod_range": "gke-sd-cluster-pods-6d16e12e"
              }
            ],
            "node_config": [
              {
                "advanced_machine_features": [],
                "boot_disk_kms_key": "",
                "confidential_nodes": [],
                "containerd_config": [],
                "disk_size_gb": 100,
                "disk_type": "pd-balanced",
                "effective_taints": [],
                "enable_confidential_storage": false,
                "ephemeral_storage_local_ssd_config": [],
                "fast_socket": [],
                "gcfs_config": [],
                "guest_accelerator": [],
                "gvnic": [],
                "host_maintenance_policy": [],
                "image_type": "COS_CONTAINERD",
                "kubelet_config": [
                  {
                    "allowed_unsafe_sysctls": [],
                    "container_log_max_files": 0,
                    "container_log_max_size": "",
                    "cpu_cfs_quota": false,
                    "cpu_cfs_quota_period": "",
                    "cpu_manager_policy": "",
                    "image_gc_high_threshold_percent": 0,
                    "image_gc_low_threshold_percent": 0,
                    "image_maximum_gc_age": "",
                    "image_minimum_gc_age": "",
                    "insecure_kubelet_readonly_port_enabled": "FALSE",
                    "pod_pids_limit": 0
                  }
                ],
                "labels": {},
                "linux_node_config": [],
                "local_nvme_ssd_block_config": [],
                "local_ssd_count": 0,
                "local_ssd_encryption_mode": "",
                "logging_variant": "DEFAULT",
                "machine_type": "e2-medium",
                "max_run_duration": "",
                "metadata": {
                  "disable-legacy-endpoints": "true"
                },
                "min_cpu_platform": "",
                "node_group": "",
                "oauth_scopes": [
                  "https://www.googleapis.com/auth/cloud-platform"
                ],
                "preemptible": false,
                "reservation_affinity": [],
                "resource_labels": {
                  "goog-gke-node-pool-provisioning-model": "on-demand"
                },
                "resource_manager_tags": null,
                "secondary_boot_disks": [],
                "service_account": "default",
                "shielded_instance_config": [
                  {
                    "enable_integrity_monitoring": true,
                    "enable_secure_boot": false
                  }
                ],
                "sole_tenant_config": [],
                "spot": false,
                "storage_pools": null,
                "tags": null,
                "taint": [],
                "windows_node_config": [
                  {
                    "osversion": ""
                  }
                ],
                "workload_metadata_config": []
              }
            ],
            "node_count": 1,
            "node_locations": [
              "southamerica-east1-b"
            ],
            "operation": null,
            "placement_policy": [],
            "project": "automatic-rock-458016-q2",
            "queued_provisioning": [],
            "timeouts": null,
            "upgrade_settings": [
              {
                "blue_green_settings": [],
                "max_surge": 1,
                "max_unavailable": 0,
                "strategy": "SURGE"
              }
            ],
            "version": "1.32.2-gke.1182003"
          },
          "sensitive_attributes": [],
          "private": "eyJlMmJmYjczMC1lY2FhLTExZTYtOGY4OC0zNDM2M2JjN2M0YzAiOnsiY3JlYXRlIjoxODAwMDAwMDAwMDAwLCJkZWxldGUiOjE4MDAwMDAwMDAwMDAsInVwZGF0ZSI6MTgwMDAwMDAwMDAwMH0sInNjaGVtYV92ZXJzaW9uIjoiMSJ9",
          "dependencies": [
            "google_container_cluster.primary"
          ]
        }
      ]
    }
  ],
  "check_results": null
}
